{
  "name": "@foundry-mcp/opencode-provider",
  "version": "0.1.0",
  "lockfileVersion": 3,
  "requires": true,
  "packages": {
    "": {
      "name": "@foundry-mcp/opencode-provider",
      "version": "0.1.0",
      "license": "MIT",
      "dependencies": {
        "@opencode-ai/sdk": "^1.0.0"
      },
      "engines": {
        "node": ">=18.0.0"
      }
    },
    "node_modules/@opencode-ai/sdk": {
      "version": "1.0.164",
      "resolved": "https://registry.npmjs.org/@opencode-ai/sdk/-/sdk-1.0.164.tgz",
      "integrity": "sha512-TG+bpgL3O4tU/vCOT0THaSL5wJoXc15ErS79NLrEzFj1Igq1a9Mhef3oYZae0zZOI/ZTl/VNswguUeqkBm41pg=="
    }
  }
}
