{
  "name": "@foundry-mcp/opencode-provider",
  "version": "0.1.0",
  "lockfileVersion": 3,
  "requires": true,
  "packages": {
    "": {
      "name": "@foundry-mcp/opencode-provider",
      "version": "0.1.0",
      "license": "MIT",
      "dependencies": {
        "@opencode-ai/sdk": "^1.0.218"
      },
      "engines": {
        "node": ">=18.0.0"
      }
    },
    "node_modules/@opencode-ai/sdk": {
      "version": "1.0.218",
      "resolved": "https://registry.npmjs.org/@opencode-ai/sdk/-/sdk-1.0.218.tgz",
      "integrity": "sha512-c6ss6UPAMskSVQUecuhNvPLFngyVh2Os9o0kpVjoqJJ16HXhzjVSk5axgh3ueQrfP5aZfg5o6l6srmjuCTPNnQ=="
    }
  }
}
